
Microsoft Visual Studio Solution File, Format Version 12.00
# Visual Studio Version 17
VisualStudioVersion = 17.0.31903.59
MinimumVisualStudioVersion = 10.0.40219.1
Project("{FAE04EC0-301F-11D3-BF4B-00C04F79EFBC}") = "API", "SpainCities.API\API.csproj", "{550F10FE-54FF-4827-9BDD-61C72A62CBF2}"
EndProject
Project("{FAE04EC0-301F-11D3-BF4B-00C04F79EFBC}") = "Core", "SpainCities.Core\Core.csproj", "{A06C23F8-2E54-4D47-A38A-158E57133CF5}"
EndProject
Project("{FAE04EC0-301F-11D3-BF4B-00C04F79EFBC}") = "Infrastructure", "SpainCities.Infrastructure\Infrastructure.csproj", "{E70F2323-E983-419F-855E-76DBCAD75C57}"
EndProject
Project("{FAE04EC0-301F-11D3-BF4B-00C04F79EFBC}") = "Tests", "SpainCities.Tests\Tests.csproj", "{EF9671E0-76AF-4212-B439-1945412FA6D1}"
EndProject
Global
	GlobalSection(SolutionConfigurationPlatforms) = preSolution
		Debug|Any CPU = Debug|Any CPU
		Release|Any CPU = Release|Any CPU
	EndGlobalSection
	GlobalSection(ProjectConfigurationPlatforms) = postSolution
		{550F10FE-54FF-4827-9BDD-61C72A62CBF2}.Debug|Any CPU.ActiveCfg = Debug|Any CPU
		{550F10FE-54FF-4827-9BDD-61C72A62CBF2}.Debug|Any CPU.Build.0 = Debug|Any CPU
		{550F10FE-54FF-4827-9BDD-61C72A62CBF2}.Release|Any CPU.ActiveCfg = Release|Any CPU
		{550F10FE-54FF-4827-9BDD-61C72A62CBF2}.Release|Any CPU.Build.0 = Release|Any CPU
		{A06C23F8-2E54-4D47-A38A-158E57133CF5}.Debug|Any CPU.ActiveCfg = Debug|Any CPU
		{A06C23F8-2E54-4D47-A38A-158E57133CF5}.Debug|Any CPU.Build.0 = Debug|Any CPU
		{A06C23F8-2E54-4D47-A38A-158E57133CF5}.Release|Any CPU.ActiveCfg = Release|Any CPU
		{A06C23F8-2E54-4D47-A38A-158E57133CF5}.Release|Any CPU.Build.0 = Release|Any CPU
		{E70F2323-E983-419F-855E-76DBCAD75C57}.Debug|Any CPU.ActiveCfg = Debug|Any CPU
		{E70F2323-E983-419F-855E-76DBCAD75C57}.Debug|Any CPU.Build.0 = Debug|Any CPU
		{E70F2323-E983-419F-855E-76DBCAD75C57}.Release|Any CPU.ActiveCfg = Release|Any CPU
		{E70F2323-E983-419F-855E-76DBCAD75C57}.Release|Any CPU.Build.0 = Release|Any CPU
		{EF9671E0-76AF-4212-B439-1945412FA6D1}.Debug|Any CPU.ActiveCfg = Debug|Any CPU
		{EF9671E0-76AF-4212-B439-1945412FA6D1}.Debug|Any CPU.Build.0 = Debug|Any CPU
		{EF9671E0-76AF-4212-B439-1945412FA6D1}.Release|Any CPU.ActiveCfg = Release|Any CPU
		{EF9671E0-76AF-4212-B439-1945412FA6D1}.Release|Any CPU.Build.0 = Release|Any CPU
	EndGlobalSection
	GlobalSection(SolutionProperties) = preSolution
		HideSolutionNode = FALSE
	EndGlobalSection
EndGlobal
